
Microsoft Visual Studio Solution File, Format Version 12.00
# Visual Studio Version 16
VisualStudioVersion = 16.0.29102.190
MinimumVisualStudioVersion = 10.0.40219.1
Project("{FAE04EC0-301F-11D3-BF4B-00C04F79EFBC}") = "MvcMovie", "MvcMovie.csproj", "{1EFA2884-2056-423F-B8E2-6A18AECED925}"
EndProject
Global
	GlobalSection(SolutionConfigurationPlatforms) = preSolution
		Debug|Any CPU = Debug|Any CPU
		Release|Any CPU = Release|Any CPU
	EndGlobalSection
	GlobalSection(ProjectConfigurationPlatforms) = postSolution
		{1EFA2884-2056-423F-B8E2-6A18AECED925}.Debug|Any CPU.ActiveCfg = Debug|Any CPU
		{1EFA2884-2056-423F-B8E2-6A18AECED925}.Debug|Any CPU.Build.0 = Debug|Any CPU
		{1EFA2884-2056-423F-B8E2-6A18AECED925}.Release|Any CPU.ActiveCfg = Release|Any CPU
		{1EFA2884-2056-423F-B8E2-6A18AECED925}.Release|Any CPU.Build.0 = Release|Any CPU
	EndGlobalSection
	GlobalSection(SolutionProperties) = preSolution
		HideSolutionNode = FALSE
	EndGlobalSection
	GlobalSection(ExtensibilityGlobals) = postSolution
		SolutionGuid = {5DEABD6F-55F6-42AA-AC15-BCCC2F55588E}
	EndGlobalSection
EndGlobal
